
Microsoft Visual Studio Solution File, Format Version 12.00
# Visual Studio Version 16
VisualStudioVersion = 16.0.29418.71
MinimumVisualStudioVersion = 10.0.40219.1
Project("{FAE04EC0-301F-11D3-BF4B-00C04F79EFBC}") = "StarCraftConsole", "StarCraftConsole\StarCraftConsole.csproj", "{8CA2196D-1197-4F33-B7B9-26BF0E1A1BBC}"
EndProject
Global
	GlobalSection(SolutionConfigurationPlatforms) = preSolution
		Debug|Any CPU = Debug|Any CPU
		Release|Any CPU = Release|Any CPU
	EndGlobalSection
	GlobalSection(ProjectConfigurationPlatforms) = postSolution
		{8CA2196D-1197-4F33-B7B9-26BF0E1A1BBC}.Debug|Any CPU.ActiveCfg = Debug|Any CPU
		{8CA2196D-1197-4F33-B7B9-26BF0E1A1BBC}.Debug|Any CPU.Build.0 = Debug|Any CPU
		{8CA2196D-1197-4F33-B7B9-26BF0E1A1BBC}.Release|Any CPU.ActiveCfg = Release|Any CPU
		{8CA2196D-1197-4F33-B7B9-26BF0E1A1BBC}.Release|Any CPU.Build.0 = Release|Any CPU
	EndGlobalSection
	GlobalSection(SolutionProperties) = preSolution
		HideSolutionNode = FALSE
	EndGlobalSection
	GlobalSection(ExtensibilityGlobals) = postSolution
		SolutionGuid = {CEDD77D8-BC30-49F8-AEB3-E18B4A971A8A}
	EndGlobalSection
EndGlobal
